
Microsoft Visual Studio Solution File, Format Version 12.00
# Visual Studio Version 16
VisualStudioVersion = 16.0.32630.194
MinimumVisualStudioVersion = 10.0.40219.1
Project("{FAE04EC0-301F-11D3-BF4B-00C04F79EFBC}") = "Sai-Raj-Laboratory", "Sai-Raj-Laboratory.csproj", "{9BACAE5B-98EB-4C2F-BA09-FD247C5893A6}"
EndProject
Global
	GlobalSection(SolutionConfigurationPlatforms) = preSolution
		Debug|Any CPU = Debug|Any CPU
		Release|Any CPU = Release|Any CPU
	EndGlobalSection
	GlobalSection(ProjectConfigurationPlatforms) = postSolution
		{9BACAE5B-98EB-4C2F-BA09-FD247C5893A6}.Debug|Any CPU.ActiveCfg = Debug|Any CPU
		{9BACAE5B-98EB-4C2F-BA09-FD247C5893A6}.Debug|Any CPU.Build.0 = Debug|Any CPU
		{9BACAE5B-98EB-4C2F-BA09-FD247C5893A6}.Release|Any CPU.ActiveCfg = Release|Any CPU
		{9BACAE5B-98EB-4C2F-BA09-FD247C5893A6}.Release|Any CPU.Build.0 = Release|Any CPU
	EndGlobalSection
	GlobalSection(SolutionProperties) = preSolution
		HideSolutionNode = FALSE
	EndGlobalSection
	GlobalSection(ExtensibilityGlobals) = postSolution
		SolutionGuid = {E1C6D325-DB60-484C-8039-0DDF35726161}
	EndGlobalSection
EndGlobal
